{
  "name": "liqd-cluster",
  "version": "0.1.6",
  "lockfileVersion": 1,
  "requires": true,
  "dependencies": {
    "async-limiter": {
      "version": "1.0.0",
      "resolved": "https://registry.npmjs.org/async-limiter/-/async-limiter-1.0.0.tgz",
      "integrity": "sha512-jp/uFnooOiO+L211eZOoSyzpOITMXx1rBITauYykG3BRYPu8h0UcxsPNB04RR5vo4Tyz3+ay17tR6JVf9qzYWg=="
    },
    "liqd-timed-promise": {
      "version": "1.2.0",
      "resolved": "https://registry.npmjs.org/liqd-timed-promise/-/liqd-timed-promise-1.2.0.tgz",
      "integrity": "sha512-Y7SkXxNbx5Y5wSMWjOnERNdbYTDHmY0MjjWAKsqevlOxCThfLBX8Zcl6YFCzQClK9+SbXsZgl3+5KKuHlkVF2w=="
    },
    "liqd-unique-id": {
      "version": "1.0.0",
      "resolved": "https://registry.npmjs.org/liqd-unique-id/-/liqd-unique-id-1.0.0.tgz",
      "integrity": "sha512-A9JTTWqhUmPiZvThcnA18gK0zCQVPFg7GRqELl8Kgl74iYQOn34vSmsoCxZEdo9d3Eju/Xd4s6hehSwza0tMKw=="
    },
    "ws": {
      "version": "5.1.1",
      "resolved": "https://registry.npmjs.org/ws/-/ws-5.1.1.tgz",
      "integrity": "sha512-bOusvpCb09TOBLbpMKszd45WKC2KPtxiyiHanv+H2DE3Az+1db5a/L7sVJZVDPUC1Br8f0SKRr1KjLpD1U/IAw==",
      "requires": {
        "async-limiter": "~1.0.0"
      }
    }
  }
}
